<?xml version="1.0" encoding="utf-8"?>
<Project ToolsVersion="4.0" xmlns="http://schemas.microsoft.com/developer/msbuild/2003">
  <ItemGroup>
    <Filter Include="Source Files">
      <UniqueIdentifier>{4FC737F1-C7A5-4376-A066-2A32D752A2FF}</UniqueIdentifier>
      <Extensions>cpp;c;cc;cxx;def;odl;idl;hpj;bat;asm;asmx</Extensions>
    </Filter>
    <Filter Include="Header Files">
      <UniqueIdentifier>{93995380-89BD-4b04-88EB-625FBE52EBFB}</UniqueIdentifier>
      <Extensions>h;hh;hpp;hxx;hm;inl;inc;xsd</Extensions>
    </Filter>
    <Filter Include="Resource Files">
      <UniqueIdentifier>{67DA6AB6-F800-4c08-8B7A-83BB121AAD01}</UniqueIdentifier>
      <Extensions>rc;ico;cur;bmp;dlg;rc2;rct;bin;rgs;gif;jpg;jpeg;jpe;resx;tiff;tif;png;wav;mfcribbon-ms</Extensions>
    </Filter>
    <Filter Include="Header Files\utils">
      <UniqueIdentifier>{c384f71d-f570-4f03-b933-0676b3885d93}</UniqueIdentifier>
    </Filter>
    <Filter Include="Source Files\utils">
      <UniqueIdentifier>{bed4c23d-11fa-4c79-9b8e-1c18f5fed532}</UniqueIdentifier>
    </Filter>
    <Filter Include="Header Files\GUI">
      <UniqueIdentifier>{280faf2f-5193-4baf-a413-bfa571ba8adf}</UniqueIdentifier>
    </Filter>
    <Filter Include="Source Files\GUI">
      <UniqueIdentifier>{b2f68988-2041-4d9b-b857-397c33dfa5fd}</UniqueIdentifier>
    </Filter>
    <Filter Include="Header Files\Graphics">
      <UniqueIdentifier>{73fa293e-f4c2-4650-9191-1c7b5679ed02}</UniqueIdentifier>
    </Filter>
    <Filter Include="Source Files\Graphics">
      <UniqueIdentifier>{362eca4e-2355-4e51-bbe4-89771919b9a8}</UniqueIdentifier>
    </Filter>
    <Filter Include="Header Files\Screens">
      <UniqueIdentifier>{7d634971-4196-424e-87f1-2221d290b9c4}</UniqueIdentifier>
    </Filter>
    <Filter Include="Source Files\Screens">
      <UniqueIdentifier>{71532e6d-08e3-400d-b969-a8f3c17ce99d}</UniqueIdentifier>
    </Filter>
    <Filter Include="Header Files\Camera">
      <UniqueIdentifier>{529511dc-9898-47ff-8c17-be7361735525}</UniqueIdentifier>
    </Filter>
    <Filter Include="Source Files\Camera">
      <UniqueIdentifier>{2d4b26b3-51ee-415d-936a-8ec33c72a30a}</UniqueIdentifier>
    </Filter>
    <Filter Include="Header Files\Components">
      <UniqueIdentifier>{5b3e2ba3-4a16-4fee-b842-d9aafc6556fd}</UniqueIdentifier>
    </Filter>
    <Filter Include="Source Files\Components">
      <UniqueIdentifier>{96f4fbc7-317a-4d82-aa25-f5be4ed9a913}</UniqueIdentifier>
    </Filter>
    <Filter Include="Header Files\Renderers">
      <UniqueIdentifier>{990c64ac-593d-4404-a43d-3279406cedff}</UniqueIdentifier>
    </Filter>
    <Filter Include="Source Files\Renderers">
      <UniqueIdentifier>{2ac32778-ef51-4004-b554-6b64f7c021fb}</UniqueIdentifier>
    </Filter>
    <Filter Include="Header Files\Input">
      <UniqueIdentifier>{3bfcf05d-ce8a-44e8-beaa-07902b12f614}</UniqueIdentifier>
    </Filter>
    <Filter Include="Source Files\Input">
      <UniqueIdentifier>{c314d2e4-63d2-4831-a653-fd83067ff006}</UniqueIdentifier>
    </Filter>
    <Filter Include="Header Files\utils\FileParsers">
      <UniqueIdentifier>{8fbc931b-1195-416a-83e3-0c7c55763909}</UniqueIdentifier>
    </Filter>
    <Filter Include="Header Files\Editor">
      <UniqueIdentifier>{68144b44-e64a-4788-94e9-2c66feee7072}</UniqueIdentifier>
    </Filter>
    <Filter Include="Header Files\Editor\imgui">
      <UniqueIdentifier>{4835715a-1036-4d15-9a14-058b2261449a}</UniqueIdentifier>
    </Filter>
    <Filter Include="Source Files\Editor">
      <UniqueIdentifier>{f4fe79bc-5d78-449c-892f-88bf7646517c}</UniqueIdentifier>
    </Filter>
    <Filter Include="Source Files\Editor\imgui">
      <UniqueIdentifier>{521470e1-e946-4403-a9e4-4dd8ea4d5203}</UniqueIdentifier>
    </Filter>
    <Filter Include="Header Files\Scripting">
      <UniqueIdentifier>{ab4ee1ad-bb6e-4f43-962c-4b59b0c880c2}</UniqueIdentifier>
    </Filter>
    <Filter Include="Source Files\Scripting">
      <UniqueIdentifier>{cba1652d-db09-49fb-8bdf-0d34ab0d4d3f}</UniqueIdentifier>
    </Filter>
    <Filter Include="Header Files\Physics">
      <UniqueIdentifier>{c87d5c0f-c939-4d0e-9292-c2635b45542c}</UniqueIdentifier>
    </Filter>
    <Filter Include="Source Files\Physics">
      <UniqueIdentifier>{cc926aa1-1fcc-4348-af83-4b8bb7df69a1}</UniqueIdentifier>
    </Filter>
    <Filter Include="Header Files\Components\Messages">
      <UniqueIdentifier>{08f9a3c5-20b1-4b3a-8454-88944b760835}</UniqueIdentifier>
    </Filter>
    <Filter Include="Header Files\utils\UUID">
      <UniqueIdentifier>{f08e8db4-4b8f-48b5-9027-760805fff6a3}</UniqueIdentifier>
    </Filter>
    <Filter Include="Source Files\utils\UUID">
      <UniqueIdentifier>{cad94e63-0f31-453f-b92a-feaf406d7126}</UniqueIdentifier>
    </Filter>
  </ItemGroup>
  <ItemGroup>
    <ClCompile Include="source\Main.cpp">
      <Filter>Source Files</Filter>
    </ClCompile>
    <ClCompile Include="source\utils\ObjReader.cpp">
      <Filter>Source Files\utils</Filter>
    </ClCompile>
    <ClCompile Include="source\GUI\Font.cpp">
      <Filter>Source Files\GUI</Filter>
    </ClCompile>
    <ClCompile Include="source\AssetManager.cpp">
      <Filter>Source Files</Filter>
    </ClCompile>
    <ClCompile Include="source\Engine.cpp">
      <Filter>Source Files</Filter>
    </ClCompile>
    <ClCompile Include="source\utils\Timer.cpp">
      <Filter>Source Files\utils</Filter>
    </ClCompile>
    <ClCompile Include="source\GUI\TextBox.cpp">
      <Filter>Source Files\GUI</Filter>
    </ClCompile>
    <ClCompile Include="source\Graphics\Bitmap.cpp">
      <Filter>Source Files\Graphics</Filter>
    </ClCompile>
    <ClCompile Include="source\Graphics\Texture.cpp">
      <Filter>Source Files\Graphics</Filter>
    </ClCompile>
    <ClCompile Include="source\utils\tinyxml2.cpp">
      <Filter>Source Files\utils</Filter>
    </ClCompile>
    <ClCompile Include="source\utils\EnumParser.cpp">
      <Filter>Source Files\utils</Filter>
    </ClCompile>
    <ClCompile Include="source\Robot.cpp">
      <Filter>Source Files</Filter>
    </ClCompile>
    <ClCompile Include="source\Graphics\WindowGLFW.cpp">
      <Filter>Source Files\Graphics</Filter>
    </ClCompile>
    <ClCompile Include="source\GameObject.cpp">
      <Filter>Source Files</Filter>
    </ClCompile>
    <ClCompile Include="source\Camera\PerspectiveCamera.cpp">
      <Filter>Source Files\Camera</Filter>
    </ClCompile>
    <ClCompile Include="source\Graphics\ModelComponent.cpp">
      <Filter>Source Files\Graphics</Filter>
    </ClCompile>
    <ClCompile Include="source\Graphics\Shader.cpp">
      <Filter>Source Files\Graphics</Filter>
    </ClCompile>
    <ClCompile Include="source\Components\Component.cpp">
      <Filter>Source Files\Components</Filter>
    </ClCompile>
    <ClCompile Include="source\Renderers\RenderGL.cpp">
      <Filter>Source Files\Renderers</Filter>
    </ClCompile>
    <ClCompile Include="source\Screens\GameScreen.cpp">
      <Filter>Source Files\Screens</Filter>
    </ClCompile>
    <ClCompile Include="source\Screens\MenuScreen.cpp">
      <Filter>Source Files\Screens</Filter>
    </ClCompile>
    <ClCompile Include="source\Input.cpp">
      <Filter>Source Files\Input</Filter>
    </ClCompile>
    <ClCompile Include="source\InputGLFW.cpp">
      <Filter>Source Files\Input</Filter>
    </ClCompile>
    <ClCompile Include="source\utils\Handle.cpp">
      <Filter>Source Files\utils</Filter>
    </ClCompile>
    <ClCompile Include="source\ComponentStore.cpp">
      <Filter>Source Files</Filter>
    </ClCompile>
    <ClCompile Include="source\Components\LogicComponent.cpp">
      <Filter>Source Files\Components</Filter>
    </ClCompile>
    <ClCompile Include="source\Editor\imgui\imgui.cpp">
      <Filter>Source Files\Editor\imgui</Filter>
    </ClCompile>
    <ClCompile Include="source\Editor\imgui\imgui_demo.cpp">
      <Filter>Source Files\Editor\imgui</Filter>
    </ClCompile>
    <ClCompile Include="source\Editor\imgui\imgui_draw.cpp">
      <Filter>Source Files\Editor\imgui</Filter>
    </ClCompile>
    <ClCompile Include="source\Editor\DebugMenu.cpp">
      <Filter>Source Files\Editor</Filter>
    </ClCompile>
    <ClCompile Include="source\utils\LevelLoader.cpp">
      <Filter>Source Files\utils</Filter>
    </ClCompile>
    <ClCompile Include="source\Editor\imgui\ImguiGLFWHandler.cpp">
      <Filter>Source Files\Editor\imgui</Filter>
    </ClCompile>
    <ClCompile Include="source\utils\DirectoryReader.cpp">
      <Filter>Source Files\utils</Filter>
    </ClCompile>
    <ClCompile Include="source\Editor\imgui\ImguiHandler.cpp">
      <Filter>Source Files\Editor\imgui</Filter>
    </ClCompile>
    <ClCompile Include="source\utils\FileSaver.cpp">
      <Filter>Source Files\utils</Filter>
    </ClCompile>
    <ClCompile Include="source\utils\XMLReader.cpp">
      <Filter>Source Files\utils</Filter>
    </ClCompile>
    <ClCompile Include="source\Scripting\ScriptEngine.cpp">
      <Filter>Source Files\Scripting</Filter>
    </ClCompile>
    <ClCompile Include="source\Scripting\LuaStateHolder.cpp">
      <Filter>Source Files\Scripting</Filter>
    </ClCompile>
    <ClCompile Include="source\utils\Utilities.cpp">
      <Filter>Source Files\utils</Filter>
    </ClCompile>
    <ClCompile Include="source\Camera\FollowCamera.cpp">
      <Filter>Source Files\Camera</Filter>
    </ClCompile>
    <ClCompile Include="source\utils\DebugUtils.cpp">
      <Filter>Source Files\utils</Filter>
    </ClCompile>
    <ClCompile Include="source\Editor\DebugMenuItem.cpp">
      <Filter>Source Files\Editor</Filter>
    </ClCompile>
    <ClCompile Include="source\Camera\EngineCamera.cpp">
      <Filter>Source Files\Camera</Filter>
    </ClCompile>
    <ClCompile Include="source\Physics\BulletPhysics.cpp">
      <Filter>Source Files\Physics</Filter>
    </ClCompile>
    <ClCompile Include="source\Components\PhysicsComponent.cpp">
      <Filter>Source Files\Components</Filter>
    </ClCompile>
    <ClCompile Include="source\Physics\Physics.cpp">
      <Filter>Source Files\Physics</Filter>
    </ClCompile>
    <ClCompile Include="source\Components\CollisionTrigger.cpp">
      <Filter>Source Files\Components</Filter>
    </ClCompile>
    <ClCompile Include="source\utils\UUID\guid.cpp">
      <Filter>Source Files\utils\UUID</Filter>
    </ClCompile>
  </ItemGroup>
  <ItemGroup>
    <ClInclude Include="include\utils\GLSupport.h">
      <Filter>Header Files\utils</Filter>
    </ClInclude>
    <ClInclude Include="include\AssetManager.h">
      <Filter>Header Files</Filter>
    </ClInclude>
    <ClInclude Include="include\Engine.h">
      <Filter>Header Files</Filter>
    </ClInclude>
    <ClInclude Include="include\GUI\Button.h">
      <Filter>Header Files\GUI</Filter>
    </ClInclude>
    <ClInclude Include="include\GUI\EventListener.h">
      <Filter>Header Files\GUI</Filter>
    </ClInclude>
    <ClInclude Include="include\GUI\Font.h">
      <Filter>Header Files\GUI</Filter>
    </ClInclude>
    <ClInclude Include="include\utils\tinyxml2.h">
      <Filter>Header Files\utils</Filter>
    </ClInclude>
    <ClInclude Include="include\utils\Timer.h">
      <Filter>Header Files\utils</Filter>
    </ClInclude>
    <ClInclude Include="include\GUI\TextBox.h">
      <Filter>Header Files\GUI</Filter>
    </ClInclude>
    <ClInclude Include="include\utils\LevelLoader.h">
      <Filter>Header Files\utils</Filter>
    </ClInclude>
    <ClInclude Include="include\utils\EnumParser.h">
      <Filter>Header Files\utils</Filter>
    </ClInclude>
    <ClInclude Include="include\GUI\MouseEvent.h">
      <Filter>Header Files\GUI</Filter>
    </ClInclude>
    <ClInclude Include="include\GUI\KeyEvent.h">
      <Filter>Header Files\GUI</Filter>
    </ClInclude>
    <ClInclude Include="include\GUI\MouseEventType.h">
      <Filter>Header Files\GUI</Filter>
    </ClInclude>
    <ClInclude Include="include\GUI\KeyEventType.h">
      <Filter>Header Files\GUI</Filter>
    </ClInclude>
    <ClInclude Include="include\Robot.h">
      <Filter>Header Files</Filter>
    </ClInclude>
    <ClInclude Include="include\GameObject.h">
      <Filter>Header Files</Filter>
    </ClInclude>
    <ClInclude Include="include\Camera\Camera.h">
      <Filter>Header Files\Camera</Filter>
    </ClInclude>
    <ClInclude Include="include\Camera\PerspectiveCamera.h">
      <Filter>Header Files\Camera</Filter>
    </ClInclude>
    <ClInclude Include="include\Graphics\Bitmap.h">
      <Filter>Header Files\Graphics</Filter>
    </ClInclude>
    <ClInclude Include="include\Graphics\Light.h">
      <Filter>Header Files\Graphics</Filter>
    </ClInclude>
    <ClInclude Include="include\Graphics\Material.h">
      <Filter>Header Files\Graphics</Filter>
    </ClInclude>
    <ClInclude Include="include\Graphics\ModelComponent.h">
      <Filter>Header Files\Graphics</Filter>
    </ClInclude>
    <ClInclude Include="include\Graphics\ModelData.h">
      <Filter>Header Files\Graphics</Filter>
    </ClInclude>
    <ClInclude Include="include\Graphics\Shader.h">
      <Filter>Header Files\Graphics</Filter>
    </ClInclude>
    <ClInclude Include="include\Graphics\stb_image.h">
      <Filter>Header Files\Graphics</Filter>
    </ClInclude>
    <ClInclude Include="include\Graphics\Texture.h">
      <Filter>Header Files\Graphics</Filter>
    </ClInclude>
    <ClInclude Include="include\Graphics\Transform.h">
      <Filter>Header Files\Graphics</Filter>
    </ClInclude>
    <ClInclude Include="include\Graphics\Window.h">
      <Filter>Header Files\Graphics</Filter>
    </ClInclude>
    <ClInclude Include="include\Graphics\WindowGLFW.h">
      <Filter>Header Files\Graphics</Filter>
    </ClInclude>
    <ClInclude Include="include\Components\Component.h">
      <Filter>Header Files\Components</Filter>
    </ClInclude>
    <ClInclude Include="include\Components\ComponentType.h">
      <Filter>Header Files\Components</Filter>
    </ClInclude>
    <ClInclude Include="include\Components\LogicComponent.h">
      <Filter>Header Files\Components</Filter>
    </ClInclude>
    <ClInclude Include="include\Renderers\Graphics.h">
      <Filter>Header Files\Renderers</Filter>
    </ClInclude>
    <ClInclude Include="include\Renderers\RenderGL.h">
      <Filter>Header Files\Renderers</Filter>
    </ClInclude>
    <ClInclude Include="include\Screens\GameScreen.h">
      <Filter>Header Files\Screens</Filter>
    </ClInclude>
    <ClInclude Include="include\Screens\LoadingScreen.h">
      <Filter>Header Files\Screens</Filter>
    </ClInclude>
    <ClInclude Include="include\Screens\MenuScreen.h">
      <Filter>Header Files\Screens</Filter>
    </ClInclude>
    <ClInclude Include="include\Screens\Screen.h">
      <Filter>Header Files\Screens</Filter>
    </ClInclude>
    <ClInclude Include="include\Input.h">
      <Filter>Header Files\Input</Filter>
    </ClInclude>
    <ClInclude Include="include\InputGLFW.h">
      <Filter>Header Files\Input</Filter>
    </ClInclude>
    <ClInclude Include="include\utils\FbxReader.h">
      <Filter>Header Files\utils\FileParsers</Filter>
    </ClInclude>
    <ClInclude Include="include\utils\ObjReader.h">
      <Filter>Header Files\utils\FileParsers</Filter>
    </ClInclude>
    <ClInclude Include="include\utils\ModelFileReader.h">
      <Filter>Header Files\utils\FileParsers</Filter>
    </ClInclude>
    <ClInclude Include="include\utils\DaeReader.h">
      <Filter>Header Files\utils\FileParsers</Filter>
    </ClInclude>
    <ClInclude Include="include\Camera\OrthographicCamera.h">
      <Filter>Header Files\Camera</Filter>
    </ClInclude>
    <ClInclude Include="include\utils\Handle.h">
      <Filter>Header Files\utils</Filter>
    </ClInclude>
    <ClInclude Include="include\utils\HandleManager.h">
      <Filter>Header Files\utils</Filter>
    </ClInclude>
    <ClInclude Include="include\ComponentStore.h">
      <Filter>Header Files</Filter>
    </ClInclude>
    <ClInclude Include="include\Editor\imgui\imconfig.h">
      <Filter>Header Files\Editor\imgui</Filter>
    </ClInclude>
    <ClInclude Include="include\Editor\imgui\imgui.h">
      <Filter>Header Files\Editor\imgui</Filter>
    </ClInclude>
    <ClInclude Include="include\Editor\imgui\imgui_internal.h">
      <Filter>Header Files\Editor\imgui</Filter>
    </ClInclude>
    <ClInclude Include="include\Editor\imgui\stb_rect_pack.h">
      <Filter>Header Files</Filter>
    </ClInclude>
    <ClInclude Include="include\Editor\imgui\stb_textedit.h">
      <Filter>Header Files</Filter>
    </ClInclude>
    <ClInclude Include="include\Editor\imgui\stb_truetype.h">
      <Filter>Header Files</Filter>
    </ClInclude>
    <ClInclude Include="include\Editor\DebugMenu.h">
      <Filter>Header Files\Editor</Filter>
    </ClInclude>
    <ClInclude Include="include\Editor\imgui\ImguiGLFWHandler.h">
      <Filter>Header Files\Editor\imgui</Filter>
    </ClInclude>
    <ClInclude Include="include\utils\DirectoryReader.h">
      <Filter>Header Files\utils\FileParsers</Filter>
    </ClInclude>
    <ClInclude Include="include\Editor\imgui\ImguiHandler.h">
      <Filter>Header Files\Editor\imgui</Filter>
    </ClInclude>
    <ClInclude Include="include\utils\FileSaver.h">
      <Filter>Header Files\utils\FileParsers</Filter>
    </ClInclude>
    <ClInclude Include="include\utils\XMLReader.h">
      <Filter>Header Files\utils\FileParsers</Filter>
    </ClInclude>
    <ClInclude Include="include\Scripting\ScriptEngine.h">
      <Filter>Header Files\Scripting</Filter>
    </ClInclude>
    <ClInclude Include="include\Scripting\LuaStateHolder.h">
      <Filter>Header Files\Scripting</Filter>
    </ClInclude>
    <ClInclude Include="include\utils\Utilities.h">
      <Filter>Header Files\utils</Filter>
    </ClInclude>
    <ClInclude Include="include\Camera\FollowCamera.h">
      <Filter>Header Files\Camera</Filter>
    </ClInclude>
    <ClInclude Include="include\utils\DebugUtils.h">
      <Filter>Header Files\utils</Filter>
    </ClInclude>
    <ClInclude Include="include\Editor\DebugMenuItem.h">
      <Filter>Header Files\Editor</Filter>
    </ClInclude>
    <ClInclude Include="include\Camera\EngineCamera.h">
      <Filter>Header Files\Camera</Filter>
    </ClInclude>
    <ClInclude Include="include\GUI\MouseActionType.h">
      <Filter>Header Files\GUI</Filter>
    </ClInclude>
    <ClInclude Include="include\Physics\Physics.h">
      <Filter>Header Files\Physics</Filter>
    </ClInclude>
    <ClInclude Include="include\Physics\BulletPhysics.h">
      <Filter>Header Files\Physics</Filter>
    </ClInclude>
    <ClInclude Include="include\Components\PhysicsComponent.h">
      <Filter>Header Files\Components</Filter>
    </ClInclude>
    <ClInclude Include="include\Physics\ShapeData.h">
      <Filter>Header Files\Physics</Filter>
    </ClInclude>
    <ClInclude Include="include\Components\CollisionTrigger.h">
      <Filter>Header Files\Components</Filter>
    </ClInclude>
    <ClInclude Include="include\Components\LocationMessage.h">
      <Filter>Header Files\Components\Messages</Filter>
    </ClInclude>
    <ClInclude Include="include\Components\Message.h">
      <Filter>Header Files\Components\Messages</Filter>
    </ClInclude>
    <ClInclude Include="include\Components\MessageType.h">
      <Filter>Header Files\Components\Messages</Filter>
    </ClInclude>
    <ClInclude Include="include\Components\RenderMessage.h">
      <Filter>Header Files\Components\Messages</Filter>
    </ClInclude>
    <ClInclude Include="include\Components\MaterialMessage.h">
      <Filter>Header Files\Components\Messages</Filter>
    </ClInclude>
    <ClInclude Include="include\utils\UUID\guid.h">
      <Filter>Header Files\utils\UUID</Filter>
    </ClInclude>
    <ClInclude Include="include\Components\CollisionMessage.h">
      <Filter>Header Files\Components\Messages</Filter>
    </ClInclude>
    <ClInclude Include="include\GameObjectTag.h">
      <Filter>Header Files</Filter>
    </ClInclude>
    <ClInclude Include="include\Physics\ConvexHull.h">
      <Filter>Header Files\Physics</Filter>
    </ClInclude>
  </ItemGroup>
  <ItemGroup>
    <None Include="shaders\text.frag">
      <Filter>Resource Files</Filter>
    </None>
    <None Include="shaders\text.vert">
      <Filter>Resource Files</Filter>
    </None>
    <None Include="shaders\phong.frag">
      <Filter>Resource Files</Filter>
    </None>
    <None Include="shaders\phong.vert">
      <Filter>Resource Files</Filter>
    </None>
    <None Include="shaders\basic.frag">
      <Filter>Resource Files</Filter>
    </None>
    <None Include="shaders\basic.vert">
      <Filter>Resource Files</Filter>
    </None>
    <None Include="shaders\phong_no_texture.frag">
      <Filter>Resource Files</Filter>
    </None>
    <None Include="shaders\phong_no_texture.vert">
      <Filter>Resource Files</Filter>
    </None>
    <None Include="shaders\colour.frag">
      <Filter>Resource Files</Filter>
    </None>
    <None Include="shaders\colour.vert">
      <Filter>Resource Files</Filter>
    </None>
  </ItemGroup>
</Project>