<?xml version="1.0" encoding="UTF-8"?>
<Project ToolsVersion="14.0" xmlns="http://schemas.microsoft.com/developer/msbuild/2003">
  <ItemGroup>
    <CustomBuild Include="H:\Desktop\bullet3-2.86.1\build3\vs2015\CMakeFiles\e2c874c00e5e484ae8b328d225aac6c1\RUN_TESTS_force.rule">
      <Filter>CMake Rules</Filter>
    </CustomBuild>
  </ItemGroup>
  <ItemGroup>
    <Filter Include="CMake Rules">
      <UniqueIdentifier>{0EDD9068-F0BE-36B4-BACF-AEC44059791F}</UniqueIdentifier>
    </Filter>
  </ItemGroup>
</Project>
